
Microsoft Visual Studio Solution File, Format Version 12.00
# Visual Studio Version 17
VisualStudioVersion = 17.7.34202.233
MinimumVisualStudioVersion = 10.0.40219.1
Project("{FAE04EC0-301F-11D3-BF4B-00C04F79EFBC}") = "GeneratePasswordHashUsingSalt", "GeneratePasswordHashUsingSalt\GeneratePasswordHashUsingSalt.csproj", "{2AD3CA78-05F2-411D-B2CD-4B12E3734F1C}"
EndProject
Global
	GlobalSection(SolutionConfigurationPlatforms) = preSolution
		Debug|Any CPU = Debug|Any CPU
		Release|Any CPU = Release|Any CPU
	EndGlobalSection
	GlobalSection(ProjectConfigurationPlatforms) = postSolution
		{2AD3CA78-05F2-411D-B2CD-4B12E3734F1C}.Debug|Any CPU.ActiveCfg = Debug|Any CPU
		{2AD3CA78-05F2-411D-B2CD-4B12E3734F1C}.Debug|Any CPU.Build.0 = Debug|Any CPU
		{2AD3CA78-05F2-411D-B2CD-4B12E3734F1C}.Release|Any CPU.ActiveCfg = Release|Any CPU
		{2AD3CA78-05F2-411D-B2CD-4B12E3734F1C}.Release|Any CPU.Build.0 = Release|Any CPU
	EndGlobalSection
	GlobalSection(SolutionProperties) = preSolution
		HideSolutionNode = FALSE
	EndGlobalSection
	GlobalSection(ExtensibilityGlobals) = postSolution
		SolutionGuid = {CE68371F-C58A-4C92-AD95-801249542586}
	EndGlobalSection
EndGlobal
